
Microsoft Visual Studio Solution File, Format Version 12.00
# Visual Studio Express 2012 for Windows Desktop
Project("{FAE04EC0-301F-11D3-BF4B-00C04F79EFBC}") = "TieredPlayerSalaryViaIF - Jesse Watson", "TieredPlayerSalaryViaIF - Jesse Watson.csproj", "{DEBF5002-0129-40D7-AE86-3075F5BB74CD}"
EndProject
Global
	GlobalSection(SolutionConfigurationPlatforms) = preSolution
		Debug|Any CPU = Debug|Any CPU
		Release|Any CPU = Release|Any CPU
	EndGlobalSection
	GlobalSection(ProjectConfigurationPlatforms) = postSolution
		{DEBF5002-0129-40D7-AE86-3075F5BB74CD}.Debug|Any CPU.ActiveCfg = Debug|Any CPU
		{DEBF5002-0129-40D7-AE86-3075F5BB74CD}.Debug|Any CPU.Build.0 = Debug|Any CPU
		{DEBF5002-0129-40D7-AE86-3075F5BB74CD}.Release|Any CPU.ActiveCfg = Release|Any CPU
		{DEBF5002-0129-40D7-AE86-3075F5BB74CD}.Release|Any CPU.Build.0 = Release|Any CPU
	EndGlobalSection
	GlobalSection(SolutionProperties) = preSolution
		HideSolutionNode = FALSE
	EndGlobalSection
EndGlobal
